# @generated - this file is auto-generated by `mise lock` https://mise.en.dev/dev-tools/mise-lock.html

[[tools.aube]]
version = "1.29.1"
backend = "github:endevco/aube"

[tools.aube."platforms.linux-arm64"]
checksum = "sha256:b1084f4fd7d48e47941bdf321ffb4c65817c557f55a24de58d9dfb62952fdad9"
url = "https://github.com/jdx/aube/releases/download/v1.29.1/aube-v1.29.1-aarch64-unknown-linux-gnu.tar.gz"
url_api = "https://api.github.com/repos/jdx/aube/releases/assets/479782673"
provenance = "github-attestations"

[tools.aube."platforms.linux-arm64-musl"]
checksum = "sha256:86496c2b78c8c23f7723954f7b668c38641b855243c1f6b0987766240fc680de"
url = "https://github.com/jdx/aube/releases/download/v1.29.1/aube-v1.29.1-aarch64-unknown-linux-musl.tar.gz"
url_api = "https://api.github.com/repos/jdx/aube/releases/assets/479754360"
provenance = "github-attestations"

[tools.aube."platforms.linux-x64"]
checksum = "sha256:8cf887ae950cec3e42e3e18f91163f0a11992713c9756da7c67524251e4ff785"
url = "https://github.com/jdx/aube/releases/download/v1.29.1/aube-v1.29.1-x86_64-unknown-linux-gnu.tar.gz"
url_api = "https://api.github.com/repos/jdx/aube/releases/assets/479761526"
provenance = "github-attestations"

[tools.aube."platforms.linux-x64-musl"]
checksum = "sha256:9cc524b64b6f0506d2184b227c52e7aaa07ccd799715a1d23dbd9d3d88f334be"
url = "https://github.com/jdx/aube/releases/download/v1.29.1/aube-v1.29.1-x86_64-unknown-linux-musl.tar.gz"
url_api = "https://api.github.com/repos/jdx/aube/releases/assets/479763791"
provenance = "github-attestations"

[tools.aube."platforms.macos-arm64"]
checksum = "sha256:191d0d2725aa24291b3eaa551cd16743d0980104508a8feae057d945067578f5"
url = "https://github.com/jdx/aube/releases/download/v1.29.1/aube-v1.29.1-aarch64-apple-darwin.tar.gz"
url_api = "https://api.github.com/repos/jdx/aube/releases/assets/479812346"
provenance = "github-attestations"

[tools.aube."platforms.macos-x64"]
checksum = "sha256:fffe1bd9e90497c03bdc265b048849f754cf13f499294908098f9ea6f818f4bc"
url = "https://github.com/jdx/aube/releases/download/v1.29.1/libaube-x86_64-apple-darwin.dylib"
url_api = "https://api.github.com/repos/jdx/aube/releases/assets/479765350"
provenance = "github-attestations"

[tools.aube."platforms.windows-x64"]
checksum = "sha256:b505b85f66e95bca72c88b81e239917b0db425430448032ec100ad88fe6e4839"
url = "https://github.com/jdx/aube/releases/download/v1.29.1/aube-v1.29.1-x86_64-pc-windows-msvc.zip"
url_api = "https://api.github.com/repos/jdx/aube/releases/assets/479769257"
provenance = "github-attestations"

[[tools.go]]
version = "1.27.1"
backend = "core:go"

[tools.go."platforms.linux-arm64"]
checksum = "sha256:3450b45a3f9ee8568792736a5c5e70a1f2e9b36c35a8f74958c03e51d7d92bec"
url = "https://dl.google.com/go/go1.27.1.linux-arm64.tar.gz"

[tools.go."platforms.linux-arm64-musl"]
checksum = "sha256:3450b45a3f9ee8568792736a5c5e70a1f2e9b36c35a8f74958c03e51d7d92bec"
url = "https://dl.google.com/go/go1.27.1.linux-arm64.tar.gz"

[tools.go."platforms.linux-x64"]
checksum = "sha256:63d339f0da5ab53635a56f2490a7984dfe12dfcff22ad749f63edaf590168445"
url = "https://dl.google.com/go/go1.27.1.linux-amd64.tar.gz"

[tools.go."platforms.linux-x64-musl"]
checksum = "sha256:63d339f0da5ab53635a56f2490a7984dfe12dfcff22ad749f63edaf590168445"
url = "https://dl.google.com/go/go1.27.1.linux-amd64.tar.gz"

[tools.go."platforms.macos-arm64"]
checksum = "sha256:ee215d57e0ec269c60cc9ceca68e6bda321ba9ee5afe24f4b0988703c2d87d12"
url = "https://dl.google.com/go/go1.27.1.darwin-arm64.tar.gz"

[tools.go."platforms.macos-x64"]
checksum = "sha256:8f8f52c6649542cf027bbc9b9c68d1ec042f9f34808a40413f0b8b3f66f3caa4"
url = "https://dl.google.com/go/go1.27.1.darwin-amd64.tar.gz"

[tools.go."platforms.windows-x64"]
checksum = "sha256:a3911b5e0e1b1053f25ed0675f4c1c6aad1e2bfcf253df2b9be4caabd2edd95d"
url = "https://dl.google.com/go/go1.27.1.windows-amd64.zip"

[[tools.node]]
version = "24.18.0"
backend = "core:node"

[tools.node."platforms.linux-arm64"]
checksum = "sha256:6b4484c2190274175df9aa8f28e2d758a819cb1c1fe6ab481e2f95b463ab8508"
url = "https://nodejs.org/dist/v24.18.0/node-v24.18.0-linux-arm64.tar.gz"

[tools.node."platforms.linux-arm64-musl"]
checksum = "sha256:b1c6c2dc31b46dd8fb2322f4fe75b07e775c5120bc37251deeea28f529d4567b"
url = "https://unofficial-builds.nodejs.org/download/release/v24.18.0/node-v24.18.0-linux-arm64-musl.tar.gz"

[tools.node."platforms.linux-x64"]
checksum = "sha256:783130984963db7ba9cbd01089eaf2c2efb055c7c1693c943174b967b3050cb8"
url = "https://nodejs.org/dist/v24.18.0/node-v24.18.0-linux-x64.tar.gz"

[tools.node."platforms.linux-x64-musl"]
checksum = "sha256:ea58409911e141ec6b19d9178efa2d9185a13295005b1cbf5521b3157eed1d95"
url = "https://unofficial-builds.nodejs.org/download/release/v24.18.0/node-v24.18.0-linux-x64-musl.tar.gz"

[tools.node."platforms.macos-arm64"]
checksum = "sha256:e1a97e14c99c803e96c7339403282ea05a499c32f8d83defe9ef5ec66f979ed1"
url = "https://nodejs.org/dist/v24.18.0/node-v24.18.0-darwin-arm64.tar.gz"

[tools.node."platforms.macos-x64"]
checksum = "sha256:dfd0dbd3e721503434df7b7205e719f61b3a3a31b2bcf9729b8b91fea240f080"
url = "https://nodejs.org/dist/v24.18.0/node-v24.18.0-darwin-x64.tar.gz"

[tools.node."platforms.windows-x64"]
checksum = "sha256:0ae68406b42d7725661da979b1403ec9926da205c6770827f33aac9d8f26e821"
url = "https://nodejs.org/dist/v24.18.0/node-v24.18.0-win-x64.zip"

[[tools.tinygo]]
version = "0.42.0"
backend = "aqua:tinygo-org/tinygo"

[tools.tinygo."platforms.linux-arm64"]
checksum = "sha256:f2f3f863e63728b87772e7306bd6030df6e6c89773a7082eb0122113cf9e453d"
url = "https://github.com/tinygo-org/tinygo/releases/download/v0.42.0/tinygo0.42.0.linux-arm64.tar.gz"

[tools.tinygo."platforms.linux-arm64-musl"]
checksum = "sha256:f2f3f863e63728b87772e7306bd6030df6e6c89773a7082eb0122113cf9e453d"
url = "https://github.com/tinygo-org/tinygo/releases/download/v0.42.0/tinygo0.42.0.linux-arm64.tar.gz"

[tools.tinygo."platforms.linux-x64"]
checksum = "sha256:b87688fa2e19cee7d813cad7fd7dadb71dff3198e47125aba66ba4af5e490438"
url = "https://github.com/tinygo-org/tinygo/releases/download/v0.42.0/tinygo0.42.0.linux-amd64.tar.gz"

[tools.tinygo."platforms.linux-x64-musl"]
checksum = "sha256:b87688fa2e19cee7d813cad7fd7dadb71dff3198e47125aba66ba4af5e490438"
url = "https://github.com/tinygo-org/tinygo/releases/download/v0.42.0/tinygo0.42.0.linux-amd64.tar.gz"

[tools.tinygo."platforms.macos-arm64"]
checksum = "sha256:493da3585e66c5da677a4be39402faf2041b4e45a61eb456e4547eca753a544e"
url = "https://github.com/tinygo-org/tinygo/releases/download/v0.42.0/tinygo0.42.0.darwin-arm64.tar.gz"

[tools.tinygo."platforms.macos-x64"]
checksum = "sha256:ef7b96cf59de5714a7493a696e9db141a85a99459620b00c42cb3bad14be2af2"
url = "https://github.com/tinygo-org/tinygo/releases/download/v0.42.0/tinygo0.42.0.darwin-amd64.tar.gz"

[tools.tinygo."platforms.windows-x64"]
checksum = "sha256:2698c3ade60d536bec71c8bb645350e264000ef59e62223588ba822b51187fc1"
url = "https://github.com/tinygo-org/tinygo/releases/download/v0.42.0/tinygo0.42.0.windows-amd64.zip"
