# @generated - this file is auto-generated by `mise lock` https://mise.jdx.dev/dev-tools/mise-lock.html

[[tools.aube]]
version = "1.1.0"
backend = "github:endevco/aube"

[tools.aube."platforms.linux-arm64"]
checksum = "sha256:75d39d7a15b8bd30a1ac89efcae5f6ea52e376a7102ceb2e5928829e9aff22fc"
url = "https://github.com/endevco/aube/releases/download/v1.1.0/aube-v1.1.0-aarch64-unknown-linux-gnu.tar.gz"
url_api = "https://api.github.com/repos/endevco/aube/releases/assets/404654989"

[tools.aube."platforms.linux-arm64-musl"]
checksum = "sha256:76c0af64e5428b88b53ff6f2f14684b9b2003958f655c268f2ae157607e7abd0"
url = "https://github.com/endevco/aube/releases/download/v1.1.0/aube-v1.1.0-aarch64-unknown-linux-musl.tar.gz"
url_api = "https://api.github.com/repos/endevco/aube/releases/assets/404655144"

[tools.aube."platforms.linux-x64"]
checksum = "sha256:7ba3551a7b63f82d9aa4734791db66167b3905e940e749db297372422c82933a"
url = "https://github.com/endevco/aube/releases/download/v1.1.0/aube-v1.1.0-x86_64-unknown-linux-gnu.tar.gz"
url_api = "https://api.github.com/repos/endevco/aube/releases/assets/404654853"

[tools.aube."platforms.linux-x64-musl"]
checksum = "sha256:447f14e9edad5f212ad029758c5ea416437d225592ca8d716b8d1933b020cf4c"
url = "https://github.com/endevco/aube/releases/download/v1.1.0/aube-v1.1.0-x86_64-unknown-linux-musl.tar.gz"
url_api = "https://api.github.com/repos/endevco/aube/releases/assets/404654425"

[tools.aube."platforms.macos-arm64"]
checksum = "sha256:4d77b4f54c78297e6aef6da4ccb8a2327c31297f1a9f37b84fb746928129c4b2"
url = "https://github.com/endevco/aube/releases/download/v1.1.0/aube-v1.1.0-aarch64-apple-darwin.tar.gz"
url_api = "https://api.github.com/repos/endevco/aube/releases/assets/404655454"

[tools.aube."platforms.windows-x64"]
checksum = "sha256:41f7d31e35bf7e21d32221ad74fb535bca3fc2fde9da80aee6061cc061f5e0f7"
url = "https://github.com/endevco/aube/releases/download/v1.1.0/aube-v1.1.0-x86_64-pc-windows-msvc.zip"
url_api = "https://api.github.com/repos/endevco/aube/releases/assets/404658938"

[[tools.node]]
version = "24.15.0"
backend = "core:node"

[tools.node."platforms.linux-arm64"]
checksum = "sha256:73afc234d558c24919875f51c2d1ea002a2ada4ea6f83601a383869fefa64eed"
url = "https://nodejs.org/dist/v24.15.0/node-v24.15.0-linux-arm64.tar.gz"

[tools.node."platforms.linux-arm64-musl"]
checksum = "sha256:73afc234d558c24919875f51c2d1ea002a2ada4ea6f83601a383869fefa64eed"
url = "https://nodejs.org/dist/v24.15.0/node-v24.15.0-linux-arm64.tar.gz"

[tools.node."platforms.linux-x64"]
checksum = "sha256:44836872d9aec49f1e6b52a9a922872db9a2b02d235a616a5681b6a85fec8d89"
url = "https://nodejs.org/dist/v24.15.0/node-v24.15.0-linux-x64.tar.gz"

[tools.node."platforms.linux-x64-musl"]
checksum = "sha256:44836872d9aec49f1e6b52a9a922872db9a2b02d235a616a5681b6a85fec8d89"
url = "https://nodejs.org/dist/v24.15.0/node-v24.15.0-linux-x64.tar.gz"

[tools.node."platforms.macos-arm64"]
checksum = "sha256:372331b969779ab5d15b949884fc6eaf88d5afe87bde8ba881d6400b9100ffc4"
url = "https://nodejs.org/dist/v24.15.0/node-v24.15.0-darwin-arm64.tar.gz"

[tools.node."platforms.macos-x64"]
checksum = "sha256:ffd5ee293467927f3ee731a553eb88fd1f48cf74eebc2d74a6babe4af228673b"
url = "https://nodejs.org/dist/v24.15.0/node-v24.15.0-darwin-x64.tar.gz"

[tools.node."platforms.windows-x64"]
checksum = "sha256:cc5149eabd53779ce1e7bdc5401643622d0c7e6800ade18928a767e940bb0e62"
url = "https://nodejs.org/dist/v24.15.0/node-v24.15.0-win-x64.zip"
